
Microsoft Visual Studio Solution File, Format Version 12.00
# Visual Studio 2013
VisualStudioVersion = 12.0.21005.1
MinimumVisualStudioVersion = 10.0.40219.1
Project("{CC5FD16D-436D-48AD-A40C-5A424C6E3E79}") = "PA3", "PA3\PA3.ccproj", "{390976EE-19F1-4F9D-A83D-772EAF1F13DF}"
EndProject
Project("{FAE04EC0-301F-11D3-BF4B-00C04F79EFBC}") = "WorkerRole1", "WorkerRole1\WorkerRole1.csproj", "{CE32EA29-46CB-4846-A096-95E84CB2EA21}"
EndProject
Project("{FAE04EC0-301F-11D3-BF4B-00C04F79EFBC}") = "WebRole1", "WebRole1\WebRole1.csproj", "{6118E2D5-9066-468B-B02F-ECB7E1D7B518}"
EndProject
Global
	GlobalSection(SolutionConfigurationPlatforms) = preSolution
		Debug|Any CPU = Debug|Any CPU
		Release|Any CPU = Release|Any CPU
	EndGlobalSection
	GlobalSection(ProjectConfigurationPlatforms) = postSolution
		{390976EE-19F1-4F9D-A83D-772EAF1F13DF}.Debug|Any CPU.ActiveCfg = Debug|Any CPU
		{390976EE-19F1-4F9D-A83D-772EAF1F13DF}.Debug|Any CPU.Build.0 = Debug|Any CPU
		{390976EE-19F1-4F9D-A83D-772EAF1F13DF}.Release|Any CPU.ActiveCfg = Release|Any CPU
		{390976EE-19F1-4F9D-A83D-772EAF1F13DF}.Release|Any CPU.Build.0 = Release|Any CPU
		{CE32EA29-46CB-4846-A096-95E84CB2EA21}.Debug|Any CPU.ActiveCfg = Debug|Any CPU
		{CE32EA29-46CB-4846-A096-95E84CB2EA21}.Debug|Any CPU.Build.0 = Debug|Any CPU
		{CE32EA29-46CB-4846-A096-95E84CB2EA21}.Release|Any CPU.ActiveCfg = Release|Any CPU
		{CE32EA29-46CB-4846-A096-95E84CB2EA21}.Release|Any CPU.Build.0 = Release|Any CPU
		{6118E2D5-9066-468B-B02F-ECB7E1D7B518}.Debug|Any CPU.ActiveCfg = Debug|Any CPU
		{6118E2D5-9066-468B-B02F-ECB7E1D7B518}.Debug|Any CPU.Build.0 = Debug|Any CPU
		{6118E2D5-9066-468B-B02F-ECB7E1D7B518}.Release|Any CPU.ActiveCfg = Release|Any CPU
		{6118E2D5-9066-468B-B02F-ECB7E1D7B518}.Release|Any CPU.Build.0 = Release|Any CPU
	EndGlobalSection
	GlobalSection(SolutionProperties) = preSolution
		HideSolutionNode = FALSE
	EndGlobalSection
EndGlobal
